
Microsoft Visual Studio Solution File, Format Version 12.00
# Visual Studio 15
VisualStudioVersion = 15.0.26124.0
MinimumVisualStudioVersion = 15.0.26124.0
Project("{FAE04EC0-301F-11D3-BF4B-00C04F79EFBC}") = "application", "Api.Application\application.csproj", "{B4E2673F-D518-4A42-A349-C1A5C2B709A7}"
EndProject
Project("{FAE04EC0-301F-11D3-BF4B-00C04F79EFBC}") = "Domain", "Api.Domain\Domain.csproj", "{7FCEE40E-B91F-44E9-9EFB-D4C3906CE521}"
EndProject
Project("{FAE04EC0-301F-11D3-BF4B-00C04F79EFBC}") = "CrossCutting", "Api.CrossCutting\CrossCutting.csproj", "{B38DC044-4C93-4B62-8C6D-E3BD49A4BCE3}"
EndProject
Project("{FAE04EC0-301F-11D3-BF4B-00C04F79EFBC}") = "Data", "Api.Data\Data.csproj", "{F73E5354-67F9-4815-9BE2-6864F3C16143}"
EndProject
Project("{FAE04EC0-301F-11D3-BF4B-00C04F79EFBC}") = "Service", "Api.Service\Service.csproj", "{084B183D-2C7C-4715-A43E-697DB71FF353}"
EndProject
Global
	GlobalSection(SolutionConfigurationPlatforms) = preSolution
		Debug|Any CPU = Debug|Any CPU
		Debug|x64 = Debug|x64
		Debug|x86 = Debug|x86
		Release|Any CPU = Release|Any CPU
		Release|x64 = Release|x64
		Release|x86 = Release|x86
	EndGlobalSection
	GlobalSection(SolutionProperties) = preSolution
		HideSolutionNode = FALSE
	EndGlobalSection
	GlobalSection(ProjectConfigurationPlatforms) = postSolution
		{B4E2673F-D518-4A42-A349-C1A5C2B709A7}.Debug|Any CPU.ActiveCfg = Debug|Any CPU
		{B4E2673F-D518-4A42-A349-C1A5C2B709A7}.Debug|Any CPU.Build.0 = Debug|Any CPU
		{B4E2673F-D518-4A42-A349-C1A5C2B709A7}.Debug|x64.ActiveCfg = Debug|Any CPU
		{B4E2673F-D518-4A42-A349-C1A5C2B709A7}.Debug|x64.Build.0 = Debug|Any CPU
		{B4E2673F-D518-4A42-A349-C1A5C2B709A7}.Debug|x86.ActiveCfg = Debug|Any CPU
		{B4E2673F-D518-4A42-A349-C1A5C2B709A7}.Debug|x86.Build.0 = Debug|Any CPU
		{B4E2673F-D518-4A42-A349-C1A5C2B709A7}.Release|Any CPU.ActiveCfg = Release|Any CPU
		{B4E2673F-D518-4A42-A349-C1A5C2B709A7}.Release|Any CPU.Build.0 = Release|Any CPU
		{B4E2673F-D518-4A42-A349-C1A5C2B709A7}.Release|x64.ActiveCfg = Release|Any CPU
		{B4E2673F-D518-4A42-A349-C1A5C2B709A7}.Release|x64.Build.0 = Release|Any CPU
		{B4E2673F-D518-4A42-A349-C1A5C2B709A7}.Release|x86.ActiveCfg = Release|Any CPU
		{B4E2673F-D518-4A42-A349-C1A5C2B709A7}.Release|x86.Build.0 = Release|Any CPU
		{7FCEE40E-B91F-44E9-9EFB-D4C3906CE521}.Debug|Any CPU.ActiveCfg = Debug|Any CPU
		{7FCEE40E-B91F-44E9-9EFB-D4C3906CE521}.Debug|Any CPU.Build.0 = Debug|Any CPU
		{7FCEE40E-B91F-44E9-9EFB-D4C3906CE521}.Debug|x64.ActiveCfg = Debug|Any CPU
		{7FCEE40E-B91F-44E9-9EFB-D4C3906CE521}.Debug|x64.Build.0 = Debug|Any CPU
		{7FCEE40E-B91F-44E9-9EFB-D4C3906CE521}.Debug|x86.ActiveCfg = Debug|Any CPU
		{7FCEE40E-B91F-44E9-9EFB-D4C3906CE521}.Debug|x86.Build.0 = Debug|Any CPU
		{7FCEE40E-B91F-44E9-9EFB-D4C3906CE521}.Release|Any CPU.ActiveCfg = Release|Any CPU
		{7FCEE40E-B91F-44E9-9EFB-D4C3906CE521}.Release|Any CPU.Build.0 = Release|Any CPU
		{7FCEE40E-B91F-44E9-9EFB-D4C3906CE521}.Release|x64.ActiveCfg = Release|Any CPU
		{7FCEE40E-B91F-44E9-9EFB-D4C3906CE521}.Release|x64.Build.0 = Release|Any CPU
		{7FCEE40E-B91F-44E9-9EFB-D4C3906CE521}.Release|x86.ActiveCfg = Release|Any CPU
		{7FCEE40E-B91F-44E9-9EFB-D4C3906CE521}.Release|x86.Build.0 = Release|Any CPU
		{B38DC044-4C93-4B62-8C6D-E3BD49A4BCE3}.Debug|Any CPU.ActiveCfg = Debug|Any CPU
		{B38DC044-4C93-4B62-8C6D-E3BD49A4BCE3}.Debug|Any CPU.Build.0 = Debug|Any CPU
		{B38DC044-4C93-4B62-8C6D-E3BD49A4BCE3}.Debug|x64.ActiveCfg = Debug|Any CPU
		{B38DC044-4C93-4B62-8C6D-E3BD49A4BCE3}.Debug|x64.Build.0 = Debug|Any CPU
		{B38DC044-4C93-4B62-8C6D-E3BD49A4BCE3}.Debug|x86.ActiveCfg = Debug|Any CPU
		{B38DC044-4C93-4B62-8C6D-E3BD49A4BCE3}.Debug|x86.Build.0 = Debug|Any CPU
		{B38DC044-4C93-4B62-8C6D-E3BD49A4BCE3}.Release|Any CPU.ActiveCfg = Release|Any CPU
		{B38DC044-4C93-4B62-8C6D-E3BD49A4BCE3}.Release|Any CPU.Build.0 = Release|Any CPU
		{B38DC044-4C93-4B62-8C6D-E3BD49A4BCE3}.Release|x64.ActiveCfg = Release|Any CPU
		{B38DC044-4C93-4B62-8C6D-E3BD49A4BCE3}.Release|x64.Build.0 = Release|Any CPU
		{B38DC044-4C93-4B62-8C6D-E3BD49A4BCE3}.Release|x86.ActiveCfg = Release|Any CPU
		{B38DC044-4C93-4B62-8C6D-E3BD49A4BCE3}.Release|x86.Build.0 = Release|Any CPU
		{F73E5354-67F9-4815-9BE2-6864F3C16143}.Debug|Any CPU.ActiveCfg = Debug|Any CPU
		{F73E5354-67F9-4815-9BE2-6864F3C16143}.Debug|Any CPU.Build.0 = Debug|Any CPU
		{F73E5354-67F9-4815-9BE2-6864F3C16143}.Debug|x64.ActiveCfg = Debug|Any CPU
		{F73E5354-67F9-4815-9BE2-6864F3C16143}.Debug|x64.Build.0 = Debug|Any CPU
		{F73E5354-67F9-4815-9BE2-6864F3C16143}.Debug|x86.ActiveCfg = Debug|Any CPU
		{F73E5354-67F9-4815-9BE2-6864F3C16143}.Debug|x86.Build.0 = Debug|Any CPU
		{F73E5354-67F9-4815-9BE2-6864F3C16143}.Release|Any CPU.ActiveCfg = Release|Any CPU
		{F73E5354-67F9-4815-9BE2-6864F3C16143}.Release|Any CPU.Build.0 = Release|Any CPU
		{F73E5354-67F9-4815-9BE2-6864F3C16143}.Release|x64.ActiveCfg = Release|Any CPU
		{F73E5354-67F9-4815-9BE2-6864F3C16143}.Release|x64.Build.0 = Release|Any CPU
		{F73E5354-67F9-4815-9BE2-6864F3C16143}.Release|x86.ActiveCfg = Release|Any CPU
		{F73E5354-67F9-4815-9BE2-6864F3C16143}.Release|x86.Build.0 = Release|Any CPU
		{084B183D-2C7C-4715-A43E-697DB71FF353}.Debug|Any CPU.ActiveCfg = Debug|Any CPU
		{084B183D-2C7C-4715-A43E-697DB71FF353}.Debug|Any CPU.Build.0 = Debug|Any CPU
		{084B183D-2C7C-4715-A43E-697DB71FF353}.Debug|x64.ActiveCfg = Debug|Any CPU
		{084B183D-2C7C-4715-A43E-697DB71FF353}.Debug|x64.Build.0 = Debug|Any CPU
		{084B183D-2C7C-4715-A43E-697DB71FF353}.Debug|x86.ActiveCfg = Debug|Any CPU
		{084B183D-2C7C-4715-A43E-697DB71FF353}.Debug|x86.Build.0 = Debug|Any CPU
		{084B183D-2C7C-4715-A43E-697DB71FF353}.Release|Any CPU.ActiveCfg = Release|Any CPU
		{084B183D-2C7C-4715-A43E-697DB71FF353}.Release|Any CPU.Build.0 = Release|Any CPU
		{084B183D-2C7C-4715-A43E-697DB71FF353}.Release|x64.ActiveCfg = Release|Any CPU
		{084B183D-2C7C-4715-A43E-697DB71FF353}.Release|x64.Build.0 = Release|Any CPU
		{084B183D-2C7C-4715-A43E-697DB71FF353}.Release|x86.ActiveCfg = Release|Any CPU
		{084B183D-2C7C-4715-A43E-697DB71FF353}.Release|x86.Build.0 = Release|Any CPU
	EndGlobalSection
EndGlobal
